github.com/BurntSushi/toml v1.6.0 h1:dRaEfpa2VI55EwlIW72hMRHdWouJeRF7TPYhI+AUQjk=
github.com/BurntSushi/toml v1.6.0/go.mod h1:ukJfTF/6rtPPRCnwkur4qwRxa8vTRFBF0uk2lLoLwho=
github.com/aws/aws-sdk-go-v2 v1.47.1 h1:uOIZnp4PK3ZhKI0dNrJrhTEsLxbpXHTAJlwoS1pvAtw=
github.com/aws/aws-sdk-go-v2 v1.47.1/go.mod h1:bttEH6JqnUL8LepvDVfdrds/fZ5bCIxzpe3abyUrhDU=
github.com/aws/aws-sdk-go-v2/aws/protocol/eventstream v1.7.20 h1:GPRlPwz40I2B2VrBEASOA3Bi77NyeqejNLkifosX0rs=
github.com/aws/aws-sdk-go-v2/aws/protocol/eventstream v1.7.20/go.mod h1:g7PNzKcsOKWb4fkSRBA7BZVAS6Y8IcxzN+nRohhQ1Q8=
github.com/aws/aws-sdk-go-v2/credentials v1.20.6 h1:NpAFXCU7NzXNkdGK3zQTtsRJ+3v9tZQV0xcdRw8uBdw=
github.com/aws/aws-sdk-go-v2/credentials v1.20.6/go.mod h1:mcZCoiPnyMvP8VMNbygNX5lLqSlkYJIMPODylQMurOk=
github.com/aws/aws-sdk-go-v2/internal/configsources v1.5.4 h1:CLq4+8UHCI+ZZYl/EuJxXovaIVN2xeeT8JV+dsApQ5E=
github.com/aws/aws-sdk-go-v2/internal/configsources v1.5.4/go.mod h1:Wv4q5sAM04xAMkoOedxLx2inVf6K5FdxYp+A61L+q/0=
github.com/aws/aws-sdk-go-v2/internal/endpoints/v2 v2.8.4 h1:dD4MR81I7YkpEBRk6UP9rocC2QnT3qVuXwzlYTtfGEs=
github.com/aws/aws-sdk-go-v2/internal/endpoints/v2 v2.8.4/go.mod h1:EcXV1kAFd5XwSkDHlj94gnF3q5CkJyYiIJfH8N0VmrE=
github.com/aws/aws-sdk-go-v2/internal/v4a v1.5.4 h1:7Wo47d/xn/7KttCSBd8EGYeZ7ULRFRkUHr6vkZPBzVQ=
github.com/aws/aws-sdk-go-v2/internal/v4a v1.5.4/go.mod h1:tDB2IVC1xC3vX8o+6uRlzhTxP3g1b77CZXFX/oD2FnQ=
github.com/aws/aws-sdk-go-v2/service/internal/accept-encoding v1.13.19 h1:bAdDl/HkGCcGPoe25ToSHEw23VIxt6CT5fLcg111BKg=
github.com/aws/aws-sdk-go-v2/service/internal/accept-encoding v1.13.19/go.mod h1:KaUzbLxv4CeSxh6ZCl9B4m7CuFenS8kUEaDs+f/DQr4=
github.com/aws/aws-sdk-go-v2/service/internal/checksum v1.11.5 h1:/TYsZXdA8UTa+WCtCYSAJIr1vwl0+eho6TUgJGwFFO8=
github.com/aws/aws-sdk-go-v2/service/internal/checksum v1.11.5/go.mod h1:qPqp1Uwd/BqdhPufv6oem9j5J7HNsgc2V22dUiDPn+s=
github.com/aws/aws-sdk-go-v2/service/internal/presigned-url v1.14.4 h1:29SvnfGhXjTl8ONxFwbj2rs6lbhiFXD2CgFQmbT/bXY=
github.com/aws/aws-sdk-go-v2/service/internal/presigned-url v1.14.4/go.mod h1:wm04I5DMuNVvZHFe/dHnUxincvNbbK7AiNBbYsQivek=
github.com/aws/aws-sdk-go-v2/service/internal/s3shared v1.20.4 h1:pPiWfgeNxqluKEph7hvU88kuGKBPOWzO+Dk9t2zqqNs=
github.com/aws/aws-sdk-go-v2/service/internal/s3shared v1.20.4/go.mod h1:YlwGoIUDG/3kBQbdNOVs/xKZ9J01G8e/6D1mRBj9uTk=
github.com/aws/aws-sdk-go-v2/service/s3 v1.113.4 h1:n6kO3OlBvnDEksQpvBLbAldjHwGlu8kErvhHJkhlaRY=
github.com/aws/aws-sdk-go-v2/service/s3 v1.113.4/go.mod h1:9APRWGLFITKD+xzWSIyT9V7QV4bNlEuIieWlzXgGFlI=
github.com/aws/aws-sdk-go-v2/service/sqs v1.52.1 h1:jBQM8NL0q3h0ZpHqo4TxOD9Ope96SlEF1Y6VLsF20nQ=
github.com/aws/aws-sdk-go-v2/service/sqs v1.52.1/go.mod h1:+TDqZ1h8CLkW9ewfQkSPWHYRjm7/wDThKeDlR46qyvE=
github.com/aws/smithy-go v1.28.2 h1:myhcykQcatTul2B/zITjDk203G7t0awUAs1hVry5Bvg=
github.com/aws/smithy-go v1.28.2/go.mod h1:YE2RhdIuDbA5E5bTdciG9KrW3+TiEONeUWCqxX9i1Fc=
github.com/creack/pty v1.1.9/go.mod h1:oKZEueFk5CKHvIhNR5MUki03XCEU+Q6VDXinZuGJ33E=
github.com/fsnotify/fsnotify v1.10.1 h1:b0/UzAf9yR5rhf3RPm9gf3ehBPpf0oZKIjtpKrx59Ho=
github.com/fsnotify/fsnotify v1.10.1/go.mod h1:TLheqan6HD6GBK6PrDWyDPBaEV8LspOxvPSjC+bVfgo=
github.com/kr/pretty v0.3.1 h1:flRD4NNwYAUpkphVc1HcthR4KEIFJ65n8Mw5qdRn3LE=
github.com/kr/pretty v0.3.1/go.mod h1:hoEshYVHaxMs3cyo3Yncou5ZscifuDolrwPKZanG3xk=
github.com/kr/text v0.2.0 h1:5Nx0Ya0ZqY2ygV366QzturHI13Jq95ApcVaJBhpS+AY=
github.com/kr/text v0.2.0/go.mod h1:eLer722TekiGuMkidMxC/pM04lWEeraHUUmBw8l2grE=
github.com/rogpeppe/go-internal v1.14.1 h1:UQB4HGPB6osV0SQTLymcB4TgvyWu6ZyliaW0tI/otEQ=
github.com/rogpeppe/go-internal v1.14.1/go.mod h1:MaRKkUm5W0goXpeCfT7UZI6fk/L7L7so1lCWt35ZSgc=
golang.org/x/sys v0.41.0 h1:Ivj+2Cp/ylzLiEU89QhWblYnOE9zerudt9Ftecq2C6k=
golang.org/x/sys v0.41.0/go.mod h1:OgkHotnGiDImocRcuBABYBEXf8A9a87e/uXjp9XT3ks=
gopkg.in/check.v1 v0.0.0-20161208181325-20d25e280405/go.mod h1:Co6ibVJAznAaIkqp8huTwlJQCZ016jof/cbN4VW5Yz0=
gopkg.in/check.v1 v1.0.0-20201130134442-10cb98267c6c h1:Hei/4ADfdWqJk1ZMxUNpqntNwaWcugrBjAiHlqqRiVk=
gopkg.in/check.v1 v1.0.0-20201130134442-10cb98267c6c/go.mod h1:JHkPIbrfpd72SG/EVd6muEfDQjcINNoR0C8j2r3qZ4Q=
gopkg.in/yaml.v3 v3.0.1 h1:fxVm/GzAzEWqLHuvctI91KS9hhNmmWOoWu0XTYJS7CA=
gopkg.in/yaml.v3 v3.0.1/go.mod h1:K4uyk7z7BCEPqu6E+C64Yfv1cQ7kz7rIZviUmN+EgEM=
